
Microsoft Visual Studio Solution File, Format Version 12.00
# Visual Studio Version 16
VisualStudioVersion = 16.0.32929.386
MinimumVisualStudioVersion = 10.0.40219.1
Project("{2150E333-8FDC-42A3-9474-1A3956D46DE8}") = "Task0", "Task0", "{4CFDB4F2-1F78-4BBD-9374-F572616FA266}"
EndProject
Project("{FAE04EC0-301F-11D3-BF4B-00C04F79EFBC}") = "Tyuiu.NosovaVD.Sprint3.Task0.V10", "Tyuiu.NosovaVD.Sprint3.Task0.V10\Tyuiu.NosovaVD.Sprint3.Task0.V10.csproj", "{FC553D9E-916B-4A2C-AEBC-038D9F3B7EEA}"
EndProject
Project("{FAE04EC0-301F-11D3-BF4B-00C04F79EFBC}") = "Tyuiu.NosovaVD.Sprint3.Task0.V10.Lib", "Tyuiu.NosovaVD.Sprint3.Task0.V10.Lib\Tyuiu.NosovaVD.Sprint3.Task0.V10.Lib.csproj", "{DC6488DA-485C-4FA2-B2CE-BBD2D8CCF652}"
EndProject
Project("{FAE04EC0-301F-11D3-BF4B-00C04F79EFBC}") = "Tyuiu.NosovaVD.Sprint3.Task0.V10.Test", "Tyuiu.NosovaVD.Sprint3.Task0.V10.Test\Tyuiu.NosovaVD.Sprint3.Task0.V10.Test.csproj", "{DF944E53-5B64-4415-8593-4326BCECCFC7}"
EndProject
Project("{2150E333-8FDC-42A3-9474-1A3956D46DE8}") = "Task1", "Task1", "{6FC9E6FC-1D19-4D92-BFA5-8398E2FC16D3}"
EndProject
Project("{FAE04EC0-301F-11D3-BF4B-00C04F79EFBC}") = "Tyuiu.NosovaVD.Sprint3.Task1.V16", "Tyuiu.NosovaVD.Sprint3.Task1.V16\Tyuiu.NosovaVD.Sprint3.Task1.V16.csproj", "{DB2A1CCC-D44C-4DB0-8D3B-43C1266946DA}"
EndProject
Project("{FAE04EC0-301F-11D3-BF4B-00C04F79EFBC}") = "Tyuiu.NosovaVD.Sprint3.Task1.V16.Lib", "Tyuiu.NosovaVD.Sprint3.Task1.V16.Lib\Tyuiu.NosovaVD.Sprint3.Task1.V16.Lib.csproj", "{5F68597F-C1DC-4607-82A4-7644BCABC1D1}"
EndProject
Project("{FAE04EC0-301F-11D3-BF4B-00C04F79EFBC}") = "Tyuiu.NosovaVD.Sprint3.Task1.V16.Test", "Tyuiu.NosovaVD.Sprint3.Task1.V16.Test\Tyuiu.NosovaVD.Sprint3.Task1.V16.Test.csproj", "{BB11F2AD-2776-4C92-B52A-D08B137B1811}"
EndProject
Project("{2150E333-8FDC-42A3-9474-1A3956D46DE8}") = "Task2", "Task2", "{6561DAED-9890-4EA5-9F9E-F9A6C4697285}"
EndProject
Project("{FAE04EC0-301F-11D3-BF4B-00C04F79EFBC}") = "Tyuiu.NosovaVD.Sprint3.Task2.V21", "Tyuiu.NosovaVD.Sprint3.Task2.V21\Tyuiu.NosovaVD.Sprint3.Task2.V21.csproj", "{07E875CB-5F40-40CB-A3A5-50CD4994E4A6}"
EndProject
Project("{FAE04EC0-301F-11D3-BF4B-00C04F79EFBC}") = "Tyuiu.NosovaVD.Sprint3.Task2.V21.Lib", "Tyuiu.NosovaVD.Sprint3.Task2.V21.Lib\Tyuiu.NosovaVD.Sprint3.Task2.V21.Lib.csproj", "{0FD133AE-E7A8-4985-9CD3-B265EB77C043}"
EndProject
Project("{FAE04EC0-301F-11D3-BF4B-00C04F79EFBC}") = "Tyuiu.NosovaVD.Sprint3.Task2.V21.Test", "Tyuiu.NosovaVD.Sprint3.Task2.V21.Test\Tyuiu.NosovaVD.Sprint3.Task2.V21.Test.csproj", "{76D73859-09F7-40A6-89A5-34B0D176C4C4}"
EndProject
Global
	GlobalSection(SolutionConfigurationPlatforms) = preSolution
		Debug|Any CPU = Debug|Any CPU
		Release|Any CPU = Release|Any CPU
	EndGlobalSection
	GlobalSection(ProjectConfigurationPlatforms) = postSolution
		{FC553D9E-916B-4A2C-AEBC-038D9F3B7EEA}.Debug|Any CPU.ActiveCfg = Debug|Any CPU
		{FC553D9E-916B-4A2C-AEBC-038D9F3B7EEA}.Debug|Any CPU.Build.0 = Debug|Any CPU
		{FC553D9E-916B-4A2C-AEBC-038D9F3B7EEA}.Release|Any CPU.ActiveCfg = Release|Any CPU
		{FC553D9E-916B-4A2C-AEBC-038D9F3B7EEA}.Release|Any CPU.Build.0 = Release|Any CPU
		{DC6488DA-485C-4FA2-B2CE-BBD2D8CCF652}.Debug|Any CPU.ActiveCfg = Debug|Any CPU
		{DC6488DA-485C-4FA2-B2CE-BBD2D8CCF652}.Debug|Any CPU.Build.0 = Debug|Any CPU
		{DC6488DA-485C-4FA2-B2CE-BBD2D8CCF652}.Release|Any CPU.ActiveCfg = Release|Any CPU
		{DC6488DA-485C-4FA2-B2CE-BBD2D8CCF652}.Release|Any CPU.Build.0 = Release|Any CPU
		{DF944E53-5B64-4415-8593-4326BCECCFC7}.Debug|Any CPU.ActiveCfg = Debug|Any CPU
		{DF944E53-5B64-4415-8593-4326BCECCFC7}.Debug|Any CPU.Build.0 = Debug|Any CPU
		{DF944E53-5B64-4415-8593-4326BCECCFC7}.Release|Any CPU.ActiveCfg = Release|Any CPU
		{DF944E53-5B64-4415-8593-4326BCECCFC7}.Release|Any CPU.Build.0 = Release|Any CPU
		{DB2A1CCC-D44C-4DB0-8D3B-43C1266946DA}.Debug|Any CPU.ActiveCfg = Debug|Any CPU
		{DB2A1CCC-D44C-4DB0-8D3B-43C1266946DA}.Debug|Any CPU.Build.0 = Debug|Any CPU
		{DB2A1CCC-D44C-4DB0-8D3B-43C1266946DA}.Release|Any CPU.ActiveCfg = Release|Any CPU
		{DB2A1CCC-D44C-4DB0-8D3B-43C1266946DA}.Release|Any CPU.Build.0 = Release|Any CPU
		{5F68597F-C1DC-4607-82A4-7644BCABC1D1}.Debug|Any CPU.ActiveCfg = Debug|Any CPU
		{5F68597F-C1DC-4607-82A4-7644BCABC1D1}.Debug|Any CPU.Build.0 = Debug|Any CPU
		{5F68597F-C1DC-4607-82A4-7644BCABC1D1}.Release|Any CPU.ActiveCfg = Release|Any CPU
		{5F68597F-C1DC-4607-82A4-7644BCABC1D1}.Release|Any CPU.Build.0 = Release|Any CPU
		{BB11F2AD-2776-4C92-B52A-D08B137B1811}.Debug|Any CPU.ActiveCfg = Debug|Any CPU
		{BB11F2AD-2776-4C92-B52A-D08B137B1811}.Debug|Any CPU.Build.0 = Debug|Any CPU
		{BB11F2AD-2776-4C92-B52A-D08B137B1811}.Release|Any CPU.ActiveCfg = Release|Any CPU
		{BB11F2AD-2776-4C92-B52A-D08B137B1811}.Release|Any CPU.Build.0 = Release|Any CPU
		{07E875CB-5F40-40CB-A3A5-50CD4994E4A6}.Debug|Any CPU.ActiveCfg = Debug|Any CPU
		{07E875CB-5F40-40CB-A3A5-50CD4994E4A6}.Debug|Any CPU.Build.0 = Debug|Any CPU
		{07E875CB-5F40-40CB-A3A5-50CD4994E4A6}.Release|Any CPU.ActiveCfg = Release|Any CPU
		{07E875CB-5F40-40CB-A3A5-50CD4994E4A6}.Release|Any CPU.Build.0 = Release|Any CPU
		{0FD133AE-E7A8-4985-9CD3-B265EB77C043}.Debug|Any CPU.ActiveCfg = Debug|Any CPU
		{0FD133AE-E7A8-4985-9CD3-B265EB77C043}.Debug|Any CPU.Build.0 = Debug|Any CPU
		{0FD133AE-E7A8-4985-9CD3-B265EB77C043}.Release|Any CPU.ActiveCfg = Release|Any CPU
		{0FD133AE-E7A8-4985-9CD3-B265EB77C043}.Release|Any CPU.Build.0 = Release|Any CPU
		{76D73859-09F7-40A6-89A5-34B0D176C4C4}.Debug|Any CPU.ActiveCfg = Debug|Any CPU
		{76D73859-09F7-40A6-89A5-34B0D176C4C4}.Debug|Any CPU.Build.0 = Debug|Any CPU
		{76D73859-09F7-40A6-89A5-34B0D176C4C4}.Release|Any CPU.ActiveCfg = Release|Any CPU
		{76D73859-09F7-40A6-89A5-34B0D176C4C4}.Release|Any CPU.Build.0 = Release|Any CPU
	EndGlobalSection
	GlobalSection(SolutionProperties) = preSolution
		HideSolutionNode = FALSE
	EndGlobalSection
	GlobalSection(NestedProjects) = preSolution
		{FC553D9E-916B-4A2C-AEBC-038D9F3B7EEA} = {4CFDB4F2-1F78-4BBD-9374-F572616FA266}
		{DC6488DA-485C-4FA2-B2CE-BBD2D8CCF652} = {4CFDB4F2-1F78-4BBD-9374-F572616FA266}
		{DF944E53-5B64-4415-8593-4326BCECCFC7} = {4CFDB4F2-1F78-4BBD-9374-F572616FA266}
		{DB2A1CCC-D44C-4DB0-8D3B-43C1266946DA} = {6FC9E6FC-1D19-4D92-BFA5-8398E2FC16D3}
		{5F68597F-C1DC-4607-82A4-7644BCABC1D1} = {6FC9E6FC-1D19-4D92-BFA5-8398E2FC16D3}
		{BB11F2AD-2776-4C92-B52A-D08B137B1811} = {6FC9E6FC-1D19-4D92-BFA5-8398E2FC16D3}
		{07E875CB-5F40-40CB-A3A5-50CD4994E4A6} = {6561DAED-9890-4EA5-9F9E-F9A6C4697285}
		{0FD133AE-E7A8-4985-9CD3-B265EB77C043} = {6561DAED-9890-4EA5-9F9E-F9A6C4697285}
		{76D73859-09F7-40A6-89A5-34B0D176C4C4} = {6561DAED-9890-4EA5-9F9E-F9A6C4697285}
	EndGlobalSection
	GlobalSection(ExtensibilityGlobals) = postSolution
		SolutionGuid = {1EAF1E84-46F3-4BC4-9D6B-DC25276DC47C}
	EndGlobalSection
EndGlobal
